// !$*UTF8*$!
{
	archiveVersion = 1;
	classes = {
	};
	objectVersion = 46;
	objects = {

/* Begin PBXBuildFile section */
		D65E14111CC66EE8009284F1 /* AppDelegate.swift in Sources */ = {isa = PBXBuildFile; fileRef = D65E14101CC66EE8009284F1 /* AppDelegate.swift */; };
		D65E14131CC66EE8009284F1 /* ViewController.swift in Sources */ = {isa = PBXBuildFile; fileRef = D65E14121CC66EE8009284F1 /* ViewController.swift */; };
		D65E14161CC66EE8009284F1 /* Main.storyboard in Resources */ = {isa = PBXBuildFile; fileRef = D65E14141CC66EE8009284F1 /* Main.storyboard */; };
		D65E14181CC66EE8009284F1 /* Assets.xcassets in Resources */ = {isa = PBXBuildFile; fileRef = D65E14171CC66EE8009284F1 /* Assets.xcassets */; };
		D65E141B1CC66EE8009284F1 /* LaunchScreen.storyboard in Resources */ = {isa = PBXBuildFile; fileRef = D65E14191CC66EE8009284F1 /* LaunchScreen.storyboard */; };
/* End PBXBuildFile section */

/* Begin PBXFileReference section */
		D65E140D1CC66EE8009284F1 /* MusicVideo.app */ = {isa = PBXFileReference; explicitFileType = wrapper.application; includeInIndex = 0; path = MusicVideo.app; sourceTree = BUILT_PRODUCTS_DIR; };
		D65E14101CC66EE8009284F1 /* AppDelegate.swift */ = {isa = PBXFileReference; lastKnownFileType = sourcecode.swift; path = AppDelegate.swift; sourceTree = "<group>"; };
		D65E14121CC66EE8009284F1 /* ViewController.swift */ = {isa = PBXFileReference; lastKnownFileType = sourcecode.swift; path = ViewController.swift; sourceTree = "<group>"; };
		D65E14151CC66EE8009284F1 /* Base */ = {isa = PBXFileReference; lastKnownFileType = file.storyboard; name = Base; path = Base.lproj/Main.storyboard; sourceTree = "<group>"; };
		D65E14171CC66EE8009284F1 /* Assets.xcassets */ = {isa = PBXFileReference; lastKnownFileType = folder.assetcatalog; path = Assets.xcassets; sourceTree = "<group>"; };
		D65E141A1CC66EE8009284F1 /* Base */ = {isa = PBXFileReference; lastKnownFileType = file.storyboard; name = Base; path = Base.lproj/LaunchScreen.storyboard; sourceTree = "<group>"; };
		D65E141C1CC66EE8009284F1 /* Info.plist */ = {isa = PBXFileReference; lastKnownFileType = text.plist.xml; path = Info.plist; sourceTree = "<group>"; };
/* End PBXFileReference section */

/* Begin PBXFrameworksBuildPhase section */
		D65E140A1CC66EE8009284F1 /* Frameworks */ = {
			isa = PBXFrameworksBuildPhase;
			buildActionMask = 2147483647;
			files = (
			);
			runOnlyForDeploymentPostprocessing = 0;
		};
/* End PBXFrameworksBuildPhase section */

/* Begin PBXGroup section */
		D65E14041CC66EE8009284F1 = {
			isa = PBXGroup;
			children = (
				D65E140F1CC66EE8009284F1 /* MusicVideo */,
				D65E140E1CC66EE8009284F1 /* Products */,
			);
			sourceTree = "<group>";
		};
		D65E140E1CC66EE8009284F1 /* Products */ = {
			isa = PBXGroup;
			children = (
				D65E140D1CC66EE8009284F1 /* MusicVideo.app */,
			);
			name = Products;
			sourceTree = "<group>";
		};
		D65E140F1CC66EE8009284F1 /* MusicVideo */ = {
			isa = PBXGroup;
			children = (
				D65E14101CC66EE8009284F1 /* AppDelegate.swift */,
				D65E14121CC66EE8009284F1 /* ViewController.swift */,
				D65E14141CC66EE8009284F1 /* Main.storyboard */,
				D65E14171CC66EE8009284F1 /* Assets.xcassets */,
				D65E14191CC66EE8009284F1 /* LaunchScreen.storyboard */,
				D65E141C1CC66EE8009284F1 /* Info.plist */,
			);
			path = MusicVideo;
			sourceTree = "<group>";
		};
/* End PBXGroup section */

/* Begin PBXNativeTarget section */
		D65E140C1CC66EE8009284F1 /* MusicVideo */ = {
			isa = PBXNativeTarget;
			buildConfigurationList = D65E141F1CC66EE8009284F1 /* Build configuration list for PBXNativeTarget "MusicVideo" */;
			buildPhases = (
				D65E14091CC66EE8009284F1 /* Sources */,
				D65E140A1CC66EE8009284F1 /* Frameworks */,
				D65E140B1CC66EE8009284F1 /* Resources */,
			);
			buildRules = (
			);
			dependencies = (
			);
			name = MusicVideo;
			productName = MusicVideo;
			productReference = D65E140D1CC66EE8009284F1 /* MusicVideo.app */;
			productType = "com.apple.product-type.application";
		};
/* End PBXNativeTarget section */

/* Begin PBXProject section */
		D65E14051CC66EE8009284F1 /* Project object */ = {
			isa = PBXProject;
			attributes = {
				LastSwiftUpdateCheck = 0730;
				LastUpgradeCheck = 0730;
				ORGANIZATIONNAME = vyut;
				TargetAttributes = {
					D65E140C1CC66EE8009284F1 = {
						CreatedOnToolsVersion = 7.3;
						DevelopmentTeam = 5LBVLY5LXR;
					};
				};
			};
			buildConfigurationList = D65E14081CC66EE8009284F1 /* Build configuration list for PBXProject "MusicVideo" */;
			compatibilityVersion = "Xcode 3.2";
			developmentRegion = English;
			hasScannedForEncodings = 0;
			knownRegions = (
				en,
				Base,
			);
			mainGroup = D65E14041CC66EE8009284F1;
			productRefGroup = D65E140E1CC66EE8009284F1 /* Products */;
			projectDirPath = "";
			projectRoot = "";
			targets = (
				D65E140C1CC66EE8009284F1 /* MusicVideo */,
			);
		};
/* End PBXProject section */

/* Begin PBXResourcesBuildPhase section */
		D65E140B1CC66EE8009284F1 /* Resources */ = {
			isa = PBXResourcesBuildPhase;
			buildActionMask = 2147483647;
			files = (
				D65E141B1CC66EE8009284F1 /* LaunchScreen.storyboard in Resources */,
				D65E14181CC66EE8009284F1 /* Assets.xcassets in Resources */,
				D65E14161CC66EE8009284F1 /* Main.storyboard in Resources */,
			);
			runOnlyForDeploymentPostprocessing = 0;
		};
/* End PBXResourcesBuildPhase section */

/* Begin PBXSourcesBuildPhase section */
		D65E14091CC66EE8009284F1 /* Sources */ = {
			isa = PBXSourcesBuildPhase;
			buildActionMask = 2147483647;
			files = (
				D65E14131CC66EE8009284F1 /* ViewController.swift in Sources */,
				D65E14111CC66EE8009284F1 /* AppDelegate.swift in Sources */,
			);
			runOnlyForDeploymentPostprocessing = 0;
		};
/* End PBXSourcesBuildPhase section */

/* Begin PBXVariantGroup section */
		D65E14141CC66EE8009284F1 /* Main.storyboard */ = {
			isa = PBXVariantGroup;
			children = (
				D65E14151CC66EE8009284F1 /* Base */,
			);
			name = Main.storyboard;
			sourceTree = "<group>";
		};
		D65E14191CC66EE8009284F1 /* LaunchScreen.storyboard */ = {
			isa = PBXVariantGroup;
			children = (
				D65E141A1CC66EE8009284F1 /* Base */,
			);
			name = LaunchScreen.storyboard;
			sourceTree = "<group>";
		};
/* End PBXVariantGroup section */

/* Begin XCBuildConfiguration section */
		D65E141D1CC66EE8009284F1 /* Debug */ = {
			isa = XCBuildConfiguration;
			buildSettings = {
				ALWAYS_SEARCH_USER_PATHS = NO;
				CLANG_ANALYZER_NONNULL = YES;
				CLANG_CXX_LANGUAGE_STANDARD = "gnu++0x";
				CLANG_CXX_LIBRARY = "libc++";
				CLANG_ENABLE_MODULES = YES;
				CLANG_ENABLE_OBJC_ARC = YES;
				CLANG_WARN_BOOL_CONVERSION = YES;
				CLANG_WARN_CONSTANT_CONVERSION = YES;
				CLANG_WARN_DIRECT_OBJC_ISA_USAGE = YES_ERROR;
				CLANG_WARN_EMPTY_BODY = YES;
				CLANG_WARN_ENUM_CONVERSION = YES;
				CLANG_WARN_INT_CONVERSION = YES;
				CLANG_WARN_OBJC_ROOT_CLASS = YES_ERROR;
				CLANG_WARN_UNREACHABLE_CODE = YES;
				CLANG_WARN__DUPLICATE_METHOD_MATCH = YES;
				"CODE_SIGN_IDENTITY[sdk=iphoneos*]" = "iPhone Developer";
				COPY_PHASE_STRIP = NO;
				DEBUG_INFORMATION_FORMAT = dwarf;
				ENABLE_STRICT_OBJC_MSGSEND = YES;
				ENABLE_TESTABILITY = YES;
				GCC_C_LANGUAGE_STANDARD = gnu99;
				GCC_DYNAMIC_NO_PIC = NO;
				GCC_NO_COMMON_BLOCKS = YES;
				GCC_OPTIMIZATION_LEVEL = 0;
				GCC_PREPROCESSOR_DEFINITIONS = (
					"DEBUG=1",
					"$(inherited)",
				);
				GCC_WARN_64_TO_32_BIT_CONVERSION = YES;
				GCC_WARN_ABOUT_RETURN_TYPE = YES_ERROR;
				GCC_WARN_UNDECLARED_SELECTOR = YES;
				GCC_WARN_UNINITIALIZED_AUTOS = YES_AGGRESSIVE;
				GCC_WARN_UNUSED_FUNCTION = YES;
				GCC_WARN_UNUSED_VARIABLE = YES;
				IPHONEOS_DEPLOYMENT_TARGET = 9.3;
				MTL_ENABLE_DEBUG_INFO = YES;
				ONLY_ACTIVE_ARCH = YES;
				SDKROOT = iphoneos;
				SWIFT_OPTIMIZATION_LEVEL = "-Onone";
				TARGETED_DEVICE_FAMILY = "1,2";
			};
			name = Debug;
		};
		D65E141E1CC66EE8009284F1 /* Release */ = {
			isa = XCBuildConfiguration;
			buildSettings = {
				ALWAYS_SEARCH_USER_PATHS = NO;
				CLANG_ANALYZER_NONNULL = YES;
				CLANG_CXX_LANGUAGE_STANDARD = "gnu++0x";
				CLANG_CXX_LIBRARY = "libc++";
				CLANG_ENABLE_MODULES = YES;
				CLANG_ENABLE_OBJC_ARC = YES;
				CLANG_WARN_BOOL_CONVERSION = YES;
				CLANG_WARN_CONSTANT_CONVERSION = YES;
				CLANG_WARN_DIRECT_OBJC_ISA_USAGE = YES_ERROR;
				CLANG_WARN_EMPTY_BODY = YES;
				CLANG_WARN_ENUM_CONVERSION = YES;
				CLANG_WARN_INT_CONVERSION = YES;
				CLANG_WARN_OBJC_ROOT_CLASS = YES_ERROR;
				CLANG_WARN_UNREACHABLE_CODE = YES;
				CLANG_WARN__DUPLICATE_METHOD_MATCH = YES;
				"CODE_SIGN_IDENTITY[sdk=iphoneos*]" = "iPhone Developer";
				COPY_PHASE_STRIP = NO;
				DEBUG_INFORMATION_FORMAT = "dwarf-with-dsym";
				ENABLE_NS_ASSERTIONS = NO;
				ENABLE_STRICT_OBJC_MSGSEND = YES;
				GCC_C_LANGUAGE_STANDARD = gnu99;
				GCC_NO_COMMON_BLOCKS = YES;
				GCC_WARN_64_TO_32_BIT_CONVERSION = YES;
				GCC_WARN_ABOUT_RETURN_TYPE = YES_ERROR;
				GCC_WARN_UNDECLARED_SELECTOR = YES;
				GCC_WARN_UNINITIALIZED_AUTOS = YES_AGGRESSIVE;
				GCC_WARN_UNUSED_FUNCTION = YES;
				GCC_WARN_UNUSED_VARIABLE = YES;
				IPHONEOS_DEPLOYMENT_TARGET = 9.3;
				MTL_ENABLE_DEBUG_INFO = NO;
				SDKROOT = iphoneos;
				TARGETED_DEVICE_FAMILY = "1,2";
				VALIDATE_PRODUCT = YES;
			};
			name = Release;
		};
		D65E14201CC66EE8009284F1 /* Debug */ = {
			isa = XCBuildConfiguration;
			buildSettings = {
				ASSETCATALOG_COMPILER_APPICON_NAME = AppIcon;
				INFOPLIST_FILE = MusicVideo/Info.plist;
				LD_RUNPATH_SEARCH_PATHS = "$(inherited) @executable_path/Frameworks";
				PRODUCT_BUNDLE_IDENTIFIER = com.vyut.MusicVideo;
				PRODUCT_NAME = "$(TARGET_NAME)";
			};
			name = Debug;
		};
		D65E14211CC66EE8009284F1 /* Release */ = {
			isa = XCBuildConfiguration;
			buildSettings = {
				ASSETCATALOG_COMPILER_APPICON_NAME = AppIcon;
				INFOPLIST_FILE = MusicVideo/Info.plist;
				LD_RUNPATH_SEARCH_PATHS = "$(inherited) @executable_path/Frameworks";
				PRODUCT_BUNDLE_IDENTIFIER = com.vyut.MusicVideo;
				PRODUCT_NAME = "$(TARGET_NAME)";
			};
			name = Release;
		};
/* End XCBuildConfiguration section */

/* Begin XCConfigurationList section */
		D65E14081CC66EE8009284F1 /* Build configuration list for PBXProject "MusicVideo" */ = {
			isa = XCConfigurationList;
			buildConfigurations = (
				D65E141D1CC66EE8009284F1 /* Debug */,
				D65E141E1CC66EE8009284F1 /* Release */,
			);
			defaultConfigurationIsVisible = 0;
			defaultConfigurationName = Release;
		};
		D65E141F1CC66EE8009284F1 /* Build configuration list for PBXNativeTarget "MusicVideo" */ = {
			isa = XCConfigurationList;
			buildConfigurations = (
				D65E14201CC66EE8009284F1 /* Debug */,
				D65E14211CC66EE8009284F1 /* Release */,
			);
			defaultConfigurationIsVisible = 0;
		};
/* End XCConfigurationList section */
	};
	rootObject = D65E14051CC66EE8009284F1 /* Project object */;
}
